
Microsoft Visual Studio Solution File, Format Version 12.00
# Visual Studio 14
VisualStudioVersion = 14.0.25420.1
MinimumVisualStudioVersion = 10.0.40219.1
Project("{FAE04EC0-301F-11D3-BF4B-00C04F79EFBC}") = "restaurantEncapsulation", "restaurantEncapsulation\restaurantEncapsulation.csproj", "{A95ADDEA-F3C3-43CF-8C71-5C6F3AE8F9AF}"
EndProject
Global
	GlobalSection(SolutionConfigurationPlatforms) = preSolution
		Debug|Any CPU = Debug|Any CPU
		Release|Any CPU = Release|Any CPU
	EndGlobalSection
	GlobalSection(ProjectConfigurationPlatforms) = postSolution
		{A95ADDEA-F3C3-43CF-8C71-5C6F3AE8F9AF}.Debug|Any CPU.ActiveCfg = Debug|Any CPU
		{A95ADDEA-F3C3-43CF-8C71-5C6F3AE8F9AF}.Debug|Any CPU.Build.0 = Debug|Any CPU
		{A95ADDEA-F3C3-43CF-8C71-5C6F3AE8F9AF}.Release|Any CPU.ActiveCfg = Release|Any CPU
		{A95ADDEA-F3C3-43CF-8C71-5C6F3AE8F9AF}.Release|Any CPU.Build.0 = Release|Any CPU
	EndGlobalSection
	GlobalSection(SolutionProperties) = preSolution
		HideSolutionNode = FALSE
	EndGlobalSection
EndGlobal
